
Microsoft Visual Studio Solution File, Format Version 12.00
# Visual Studio 14
VisualStudioVersion = 14.0.24720.0
MinimumVisualStudioVersion = 10.0.40219.1
Project("{FAE04EC0-301F-11D3-BF4B-00C04F79EFBC}") = "ActiveDirectoryInfomationConsole", "ActiveDirectoryInfomationConsole\ActiveDirectoryInfomationConsole.csproj", "{A0E1C4F5-9F1A-44F0-8A13-CC9AE90E61F8}"
EndProject
Project("{2150E333-8FDC-42A3-9474-1A3956D46DE8}") = "Report", "Report", "{E8A73FA2-08F3-49A8-954C-9CC51012FCA4}"
	ProjectSection(SolutionItems) = preProject
		[DoAn3] ActiveDirectoryInfomation.docx = [DoAn3] ActiveDirectoryInfomation.docx
	EndProjectSection
EndProject
Global
	GlobalSection(SolutionConfigurationPlatforms) = preSolution
		Debug|Any CPU = Debug|Any CPU
		Release|Any CPU = Release|Any CPU
	EndGlobalSection
	GlobalSection(ProjectConfigurationPlatforms) = postSolution
		{A0E1C4F5-9F1A-44F0-8A13-CC9AE90E61F8}.Debug|Any CPU.ActiveCfg = Debug|Any CPU
		{A0E1C4F5-9F1A-44F0-8A13-CC9AE90E61F8}.Debug|Any CPU.Build.0 = Debug|Any CPU
		{A0E1C4F5-9F1A-44F0-8A13-CC9AE90E61F8}.Release|Any CPU.ActiveCfg = Release|Any CPU
		{A0E1C4F5-9F1A-44F0-8A13-CC9AE90E61F8}.Release|Any CPU.Build.0 = Release|Any CPU
	EndGlobalSection
	GlobalSection(SolutionProperties) = preSolution
		HideSolutionNode = FALSE
	EndGlobalSection
EndGlobal
